
Microsoft Visual Studio Solution File, Format Version 12.00
# Visual Studio 15
VisualStudioVersion = 15.0.27130.2010
MinimumVisualStudioVersion = 10.0.40219.1
Project("{2150E333-8FDC-42A3-9474-1A3956D46DE8}") = "DataAccess", "DataAccess", "{9E256D35-478D-4863-9DAA-14D9966E6B8B}"
EndProject
Project("{2150E333-8FDC-42A3-9474-1A3956D46DE8}") = "Presentation", "Presentation", "{DADC6F34-2A36-489D-9273-AF1CB84E1142}"
EndProject
Project("{9A19103F-16F7-4668-BE54-9A1E7A4F7556}") = "MShop.Presentation.MPA.Public", "MShop.Presentation.MPA\MShop.Presentation.MPA.Public.csproj", "{2F31BD25-2A7A-400F-AA7D-D20F1749A0AB}"
EndProject
Project("{9A19103F-16F7-4668-BE54-9A1E7A4F7556}") = "MShop.Presentation.MPA.Admin", "MShop.Presentation.MPA.Admin\MShop.Presentation.MPA.Admin.csproj", "{7D6BDBA5-AEC4-4932-BB34-71F654C77B34}"
EndProject
Project("{9A19103F-16F7-4668-BE54-9A1E7A4F7556}") = "MShop.DataLayer.EF", "MShop.DataLayer.EF\MShop.DataLayer.EF.csproj", "{6BCBDA6E-F2A1-4B87-A95E-2D7A1E9E0222}"
EndProject
Project("{9A19103F-16F7-4668-BE54-9A1E7A4F7556}") = "MShop.Presentation.MPA.Auth", "MShop.Presentation.MPA.Auth\MShop.Presentation.MPA.Auth.csproj", "{5CDD91EB-442F-43EA-AAD8-47D2C6859817}"
EndProject
Project("{9A19103F-16F7-4668-BE54-9A1E7A4F7556}") = "MShop.DataLayer", "MShop.DataLayer\MShop.DataLayer.csproj", "{E0A322C0-53AD-4ECD-B949-7CF296FDF5AB}"
EndProject
Project("{9A19103F-16F7-4668-BE54-9A1E7A4F7556}") = "MShop.ViewComponents", "MShop.ViewComponents\MShop.ViewComponents.csproj", "{F50094E2-531B-44D7-AFFF-5F6F1546B789}"
EndProject
Project("{2150E333-8FDC-42A3-9474-1A3956D46DE8}") = "Areas", "Areas", "{A641D426-A623-4C64-AA67-D49C70CCD863}"
EndProject
Project("{FAE04EC0-301F-11D3-BF4B-00C04F79EFBC}") = "WebApplication1", "WebApplication1\WebApplication1.csproj", "{36FC4BAE-C729-427A-84BE-83DE72D4B1C5}"
EndProject
Project("{FAE04EC0-301F-11D3-BF4B-00C04F79EFBC}") = "WebApplication2", "WebApplication2\WebApplication2.csproj", "{C4768DCA-74F7-4F78-8660-B9F83DACF170}"
EndProject
Project("{FAE04EC0-301F-11D3-BF4B-00C04F79EFBC}") = "MShop.DataLayer.NHibernate", "MShop.DataLayer.NHibernate\MShop.DataLayer.NHibernate.csproj", "{7F9FF035-B202-4F92-BC20-086A480DAFEB}"
EndProject
Project("{FAE04EC0-301F-11D3-BF4B-00C04F79EFBC}") = "WebApplication3", "WebApplication3\WebApplication3.csproj", "{B2F374D0-B4CA-4C74-9F89-B4C545FD854F}"
EndProject
Project("{9A19103F-16F7-4668-BE54-9A1E7A4F7556}") = "MShop.DataLayer.Mongo", "MShop.DataLayer.Mongo\MShop.DataLayer.Mongo.csproj", "{A7009D8E-5461-4DF3-BA16-073346199D46}"
EndProject
Project("{2150E333-8FDC-42A3-9474-1A3956D46DE8}") = "Search", "Search", "{45F751A5-D05F-4321-ABC4-F3875EFEE0BB}"
EndProject
Project("{9A19103F-16F7-4668-BE54-9A1E7A4F7556}") = "MShop.Search.Elastic", "MShop.Search.Elastic\MShop.Search.Elastic.csproj", "{82C721EC-1963-4676-8599-0FAA6BFBD6F2}"
EndProject
Project("{9A19103F-16F7-4668-BE54-9A1E7A4F7556}") = "ConsoleApp1", "ConsoleApp1\ConsoleApp1.csproj", "{46B13391-9B18-4A01-82DF-4EE1442FFEF5}"
EndProject
Project("{9A19103F-16F7-4668-BE54-9A1E7A4F7556}") = "WebApplication4", "WebApplication4\WebApplication4.csproj", "{AD8EDAB9-64F1-41F4-93B4-21544FFB0894}"
EndProject
Project("{9A19103F-16F7-4668-BE54-9A1E7A4F7556}") = "MShop.Search", "MShop.Search\MShop.Search.csproj", "{6E98316D-3C13-44B4-A170-DC1AA3322C30}"
EndProject
Project("{FAE04EC0-301F-11D3-BF4B-00C04F79EFBC}") = "MShop.Search.Lucene", "MShop.Search.Lucene\MShop.Search.Lucene.csproj", "{8B25E2C4-2D5E-4C74-BB5E-2B78A6DAF9D0}"
EndProject
Project("{FAE04EC0-301F-11D3-BF4B-00C04F79EFBC}") = "WebApplication5", "WebApplication5\WebApplication5.csproj", "{C403C1CA-9F77-437E-9E7A-32489FF36BED}"
EndProject
Project("{FAE04EC0-301F-11D3-BF4B-00C04F79EFBC}") = "WebApplication6", "WebApplication6\WebApplication6.csproj", "{40D8350B-DE02-49BC-AA9D-F4E1D17D31D9}"
EndProject
Global
	GlobalSection(SolutionConfigurationPlatforms) = preSolution
		Debug|Any CPU = Debug|Any CPU
		Release|Any CPU = Release|Any CPU
	EndGlobalSection
	GlobalSection(ProjectConfigurationPlatforms) = postSolution
		{2F31BD25-2A7A-400F-AA7D-D20F1749A0AB}.Debug|Any CPU.ActiveCfg = Debug|Any CPU
		{2F31BD25-2A7A-400F-AA7D-D20F1749A0AB}.Debug|Any CPU.Build.0 = Debug|Any CPU
		{2F31BD25-2A7A-400F-AA7D-D20F1749A0AB}.Release|Any CPU.ActiveCfg = Release|Any CPU
		{2F31BD25-2A7A-400F-AA7D-D20F1749A0AB}.Release|Any CPU.Build.0 = Release|Any CPU
		{7D6BDBA5-AEC4-4932-BB34-71F654C77B34}.Debug|Any CPU.ActiveCfg = Debug|Any CPU
		{7D6BDBA5-AEC4-4932-BB34-71F654C77B34}.Debug|Any CPU.Build.0 = Debug|Any CPU
		{7D6BDBA5-AEC4-4932-BB34-71F654C77B34}.Release|Any CPU.ActiveCfg = Release|Any CPU
		{7D6BDBA5-AEC4-4932-BB34-71F654C77B34}.Release|Any CPU.Build.0 = Release|Any CPU
		{6BCBDA6E-F2A1-4B87-A95E-2D7A1E9E0222}.Debug|Any CPU.ActiveCfg = Debug|Any CPU
		{6BCBDA6E-F2A1-4B87-A95E-2D7A1E9E0222}.Debug|Any CPU.Build.0 = Debug|Any CPU
		{6BCBDA6E-F2A1-4B87-A95E-2D7A1E9E0222}.Release|Any CPU.ActiveCfg = Release|Any CPU
		{6BCBDA6E-F2A1-4B87-A95E-2D7A1E9E0222}.Release|Any CPU.Build.0 = Release|Any CPU
		{5CDD91EB-442F-43EA-AAD8-47D2C6859817}.Debug|Any CPU.ActiveCfg = Debug|Any CPU
		{5CDD91EB-442F-43EA-AAD8-47D2C6859817}.Debug|Any CPU.Build.0 = Debug|Any CPU
		{5CDD91EB-442F-43EA-AAD8-47D2C6859817}.Release|Any CPU.ActiveCfg = Release|Any CPU
		{5CDD91EB-442F-43EA-AAD8-47D2C6859817}.Release|Any CPU.Build.0 = Release|Any CPU
		{E0A322C0-53AD-4ECD-B949-7CF296FDF5AB}.Debug|Any CPU.ActiveCfg = Debug|Any CPU
		{E0A322C0-53AD-4ECD-B949-7CF296FDF5AB}.Debug|Any CPU.Build.0 = Debug|Any CPU
		{E0A322C0-53AD-4ECD-B949-7CF296FDF5AB}.Release|Any CPU.ActiveCfg = Release|Any CPU
		{E0A322C0-53AD-4ECD-B949-7CF296FDF5AB}.Release|Any CPU.Build.0 = Release|Any CPU
		{F50094E2-531B-44D7-AFFF-5F6F1546B789}.Debug|Any CPU.ActiveCfg = Debug|Any CPU
		{F50094E2-531B-44D7-AFFF-5F6F1546B789}.Debug|Any CPU.Build.0 = Debug|Any CPU
		{F50094E2-531B-44D7-AFFF-5F6F1546B789}.Release|Any CPU.ActiveCfg = Release|Any CPU
		{F50094E2-531B-44D7-AFFF-5F6F1546B789}.Release|Any CPU.Build.0 = Release|Any CPU
		{36FC4BAE-C729-427A-84BE-83DE72D4B1C5}.Debug|Any CPU.ActiveCfg = Debug|Any CPU
		{36FC4BAE-C729-427A-84BE-83DE72D4B1C5}.Debug|Any CPU.Build.0 = Debug|Any CPU
		{36FC4BAE-C729-427A-84BE-83DE72D4B1C5}.Release|Any CPU.ActiveCfg = Release|Any CPU
		{36FC4BAE-C729-427A-84BE-83DE72D4B1C5}.Release|Any CPU.Build.0 = Release|Any CPU
		{C4768DCA-74F7-4F78-8660-B9F83DACF170}.Debug|Any CPU.ActiveCfg = Debug|Any CPU
		{C4768DCA-74F7-4F78-8660-B9F83DACF170}.Debug|Any CPU.Build.0 = Debug|Any CPU
		{C4768DCA-74F7-4F78-8660-B9F83DACF170}.Release|Any CPU.ActiveCfg = Release|Any CPU
		{C4768DCA-74F7-4F78-8660-B9F83DACF170}.Release|Any CPU.Build.0 = Release|Any CPU
		{7F9FF035-B202-4F92-BC20-086A480DAFEB}.Debug|Any CPU.ActiveCfg = Debug|Any CPU
		{7F9FF035-B202-4F92-BC20-086A480DAFEB}.Debug|Any CPU.Build.0 = Debug|Any CPU
		{7F9FF035-B202-4F92-BC20-086A480DAFEB}.Release|Any CPU.ActiveCfg = Release|Any CPU
		{7F9FF035-B202-4F92-BC20-086A480DAFEB}.Release|Any CPU.Build.0 = Release|Any CPU
		{B2F374D0-B4CA-4C74-9F89-B4C545FD854F}.Debug|Any CPU.ActiveCfg = Debug|Any CPU
		{B2F374D0-B4CA-4C74-9F89-B4C545FD854F}.Debug|Any CPU.Build.0 = Debug|Any CPU
		{B2F374D0-B4CA-4C74-9F89-B4C545FD854F}.Release|Any CPU.ActiveCfg = Release|Any CPU
		{B2F374D0-B4CA-4C74-9F89-B4C545FD854F}.Release|Any CPU.Build.0 = Release|Any CPU
		{A7009D8E-5461-4DF3-BA16-073346199D46}.Debug|Any CPU.ActiveCfg = Debug|Any CPU
		{A7009D8E-5461-4DF3-BA16-073346199D46}.Debug|Any CPU.Build.0 = Debug|Any CPU
		{A7009D8E-5461-4DF3-BA16-073346199D46}.Release|Any CPU.ActiveCfg = Release|Any CPU
		{A7009D8E-5461-4DF3-BA16-073346199D46}.Release|Any CPU.Build.0 = Release|Any CPU
		{82C721EC-1963-4676-8599-0FAA6BFBD6F2}.Debug|Any CPU.ActiveCfg = Debug|Any CPU
		{82C721EC-1963-4676-8599-0FAA6BFBD6F2}.Debug|Any CPU.Build.0 = Debug|Any CPU
		{82C721EC-1963-4676-8599-0FAA6BFBD6F2}.Release|Any CPU.ActiveCfg = Release|Any CPU
		{82C721EC-1963-4676-8599-0FAA6BFBD6F2}.Release|Any CPU.Build.0 = Release|Any CPU
		{46B13391-9B18-4A01-82DF-4EE1442FFEF5}.Debug|Any CPU.ActiveCfg = Debug|Any CPU
		{46B13391-9B18-4A01-82DF-4EE1442FFEF5}.Debug|Any CPU.Build.0 = Debug|Any CPU
		{46B13391-9B18-4A01-82DF-4EE1442FFEF5}.Release|Any CPU.ActiveCfg = Release|Any CPU
		{46B13391-9B18-4A01-82DF-4EE1442FFEF5}.Release|Any CPU.Build.0 = Release|Any CPU
		{AD8EDAB9-64F1-41F4-93B4-21544FFB0894}.Debug|Any CPU.ActiveCfg = Debug|Any CPU
		{AD8EDAB9-64F1-41F4-93B4-21544FFB0894}.Debug|Any CPU.Build.0 = Debug|Any CPU
		{AD8EDAB9-64F1-41F4-93B4-21544FFB0894}.Release|Any CPU.ActiveCfg = Release|Any CPU
		{AD8EDAB9-64F1-41F4-93B4-21544FFB0894}.Release|Any CPU.Build.0 = Release|Any CPU
		{6E98316D-3C13-44B4-A170-DC1AA3322C30}.Debug|Any CPU.ActiveCfg = Debug|Any CPU
		{6E98316D-3C13-44B4-A170-DC1AA3322C30}.Debug|Any CPU.Build.0 = Debug|Any CPU
		{6E98316D-3C13-44B4-A170-DC1AA3322C30}.Release|Any CPU.ActiveCfg = Release|Any CPU
		{6E98316D-3C13-44B4-A170-DC1AA3322C30}.Release|Any CPU.Build.0 = Release|Any CPU
		{8B25E2C4-2D5E-4C74-BB5E-2B78A6DAF9D0}.Debug|Any CPU.ActiveCfg = Debug|Any CPU
		{8B25E2C4-2D5E-4C74-BB5E-2B78A6DAF9D0}.Debug|Any CPU.Build.0 = Debug|Any CPU
		{8B25E2C4-2D5E-4C74-BB5E-2B78A6DAF9D0}.Release|Any CPU.ActiveCfg = Release|Any CPU
		{8B25E2C4-2D5E-4C74-BB5E-2B78A6DAF9D0}.Release|Any CPU.Build.0 = Release|Any CPU
		{C403C1CA-9F77-437E-9E7A-32489FF36BED}.Debug|Any CPU.ActiveCfg = Debug|Any CPU
		{C403C1CA-9F77-437E-9E7A-32489FF36BED}.Debug|Any CPU.Build.0 = Debug|Any CPU
		{C403C1CA-9F77-437E-9E7A-32489FF36BED}.Release|Any CPU.ActiveCfg = Release|Any CPU
		{C403C1CA-9F77-437E-9E7A-32489FF36BED}.Release|Any CPU.Build.0 = Release|Any CPU
		{40D8350B-DE02-49BC-AA9D-F4E1D17D31D9}.Debug|Any CPU.ActiveCfg = Debug|Any CPU
		{40D8350B-DE02-49BC-AA9D-F4E1D17D31D9}.Debug|Any CPU.Build.0 = Debug|Any CPU
		{40D8350B-DE02-49BC-AA9D-F4E1D17D31D9}.Release|Any CPU.ActiveCfg = Release|Any CPU
		{40D8350B-DE02-49BC-AA9D-F4E1D17D31D9}.Release|Any CPU.Build.0 = Release|Any CPU
	EndGlobalSection
	GlobalSection(SolutionProperties) = preSolution
		HideSolutionNode = FALSE
	EndGlobalSection
	GlobalSection(NestedProjects) = preSolution
		{2F31BD25-2A7A-400F-AA7D-D20F1749A0AB} = {A641D426-A623-4C64-AA67-D49C70CCD863}
		{7D6BDBA5-AEC4-4932-BB34-71F654C77B34} = {A641D426-A623-4C64-AA67-D49C70CCD863}
		{6BCBDA6E-F2A1-4B87-A95E-2D7A1E9E0222} = {9E256D35-478D-4863-9DAA-14D9966E6B8B}
		{5CDD91EB-442F-43EA-AAD8-47D2C6859817} = {DADC6F34-2A36-489D-9273-AF1CB84E1142}
		{E0A322C0-53AD-4ECD-B949-7CF296FDF5AB} = {9E256D35-478D-4863-9DAA-14D9966E6B8B}
		{F50094E2-531B-44D7-AFFF-5F6F1546B789} = {DADC6F34-2A36-489D-9273-AF1CB84E1142}
		{A641D426-A623-4C64-AA67-D49C70CCD863} = {DADC6F34-2A36-489D-9273-AF1CB84E1142}
		{7F9FF035-B202-4F92-BC20-086A480DAFEB} = {9E256D35-478D-4863-9DAA-14D9966E6B8B}
		{A7009D8E-5461-4DF3-BA16-073346199D46} = {9E256D35-478D-4863-9DAA-14D9966E6B8B}
		{82C721EC-1963-4676-8599-0FAA6BFBD6F2} = {45F751A5-D05F-4321-ABC4-F3875EFEE0BB}
		{6E98316D-3C13-44B4-A170-DC1AA3322C30} = {45F751A5-D05F-4321-ABC4-F3875EFEE0BB}
		{8B25E2C4-2D5E-4C74-BB5E-2B78A6DAF9D0} = {45F751A5-D05F-4321-ABC4-F3875EFEE0BB}
	EndGlobalSection
	GlobalSection(ExtensibilityGlobals) = postSolution
		SolutionGuid = {5A64D46A-1994-4451-A5A3-DF6810F47EF4}
	EndGlobalSection
EndGlobal
